
Microsoft Visual Studio Solution File, Format Version 12.00
# Visual Studio Version 16
VisualStudioVersion = 16.0.32106.194
MinimumVisualStudioVersion = 10.0.40219.1
Project("{FAE04EC0-301F-11D3-BF4B-00C04F79EFBC}") = "Tech Assignment 2 Basic Console App", "Tech Assignment 2 Basic Console App.csproj", "{35D71AD7-F651-4E67-92B0-AE3BAD786DDB}"
EndProject
Global
	GlobalSection(SolutionConfigurationPlatforms) = preSolution
		Debug|Any CPU = Debug|Any CPU
		Release|Any CPU = Release|Any CPU
	EndGlobalSection
	GlobalSection(ProjectConfigurationPlatforms) = postSolution
		{35D71AD7-F651-4E67-92B0-AE3BAD786DDB}.Debug|Any CPU.ActiveCfg = Debug|Any CPU
		{35D71AD7-F651-4E67-92B0-AE3BAD786DDB}.Debug|Any CPU.Build.0 = Debug|Any CPU
		{35D71AD7-F651-4E67-92B0-AE3BAD786DDB}.Release|Any CPU.ActiveCfg = Release|Any CPU
		{35D71AD7-F651-4E67-92B0-AE3BAD786DDB}.Release|Any CPU.Build.0 = Release|Any CPU
	EndGlobalSection
	GlobalSection(SolutionProperties) = preSolution
		HideSolutionNode = FALSE
	EndGlobalSection
	GlobalSection(ExtensibilityGlobals) = postSolution
		SolutionGuid = {BC85CD57-A682-455D-82B9-401CD21950DA}
	EndGlobalSection
EndGlobal
